// !$*UTF8*$!
{
	archiveVersion = 1;
	classes = {
	};
	objectVersion = 50;
	objects = {

/* Begin PBXBuildFile section */
		FDEDBDB0255E7EB000FF81EB /* AppDelegate.swift in Sources */ = {isa = PBXBuildFile; fileRef = FDEDBDAF255E7EB000FF81EB /* AppDelegate.swift */; };
		FDEDBDB2255E7EB000FF81EB /* SceneDelegate.swift in Sources */ = {isa = PBXBuildFile; fileRef = FDEDBDB1255E7EB000FF81EB /* SceneDelegate.swift */; };
		FDEDBDB4255E7EB000FF81EB /* ViewController.swift in Sources */ = {isa = PBXBuildFile; fileRef = FDEDBDB3255E7EB000FF81EB /* ViewController.swift */; };
		FDEDBDB7255E7EB000FF81EB /* Main.storyboard in Resources */ = {isa = PBXBuildFile; fileRef = FDEDBDB5255E7EB000FF81EB /* Main.storyboard */; };
		FDEDBDB9255E7EB100FF81EB /* Assets.xcassets in Resources */ = {isa = PBXBuildFile; fileRef = FDEDBDB8255E7EB100FF81EB /* Assets.xcassets */; };
		FDEDBDBC255E7EB100FF81EB /* LaunchScreen.storyboard in Resources */ = {isa = PBXBuildFile; fileRef = FDEDBDBA255E7EB100FF81EB /* LaunchScreen.storyboard */; };
		FDEDBDC6255E7F9700FF81EB /* userCollectionCell.swift in Sources */ = {isa = PBXBuildFile; fileRef = FDEDBDC4255E7F9700FF81EB /* userCollectionCell.swift */; };
		FDEDBDC7255E7F9700FF81EB /* userData.swift in Sources */ = {isa = PBXBuildFile; fileRef = FDEDBDC5255E7F9700FF81EB /* userData.swift */; };
		FDEDBDCD255E866100FF81EB /* HomeViewController.swift in Sources */ = {isa = PBXBuildFile; fileRef = FDEDBDCC255E866100FF81EB /* HomeViewController.swift */; };
		FDEDBDD2255F6BB500FF81EB /* LoginViewController.swift in Sources */ = {isa = PBXBuildFile; fileRef = FDEDBDD1255F6BB500FF81EB /* LoginViewController.swift */; };
		FDEDBDDB255F6DCF00FF81EB /* userLoginData.swift in Sources */ = {isa = PBXBuildFile; fileRef = FDEDBDDA255F6DCF00FF81EB /* userLoginData.swift */; };
/* End PBXBuildFile section */

/* Begin PBXFileReference section */
		FDEDBDAC255E7EB000FF81EB /* fourthWeek_Assignment.app */ = {isa = PBXFileReference; explicitFileType = wrapper.application; includeInIndex = 0; path = fourthWeek_Assignment.app; sourceTree = BUILT_PRODUCTS_DIR; };
		FDEDBDAF255E7EB000FF81EB /* AppDelegate.swift */ = {isa = PBXFileReference; lastKnownFileType = sourcecode.swift; path = AppDelegate.swift; sourceTree = "<group>"; };
		FDEDBDB1255E7EB000FF81EB /* SceneDelegate.swift */ = {isa = PBXFileReference; lastKnownFileType = sourcecode.swift; path = SceneDelegate.swift; sourceTree = "<group>"; };
		FDEDBDB3255E7EB000FF81EB /* ViewController.swift */ = {isa = PBXFileReference; lastKnownFileType = sourcecode.swift; path = ViewController.swift; sourceTree = "<group>"; };
		FDEDBDB6255E7EB000FF81EB /* Base */ = {isa = PBXFileReference; lastKnownFileType = file.storyboard; name = Base; path = Base.lproj/Main.storyboard; sourceTree = "<group>"; };
		FDEDBDB8255E7EB100FF81EB /* Assets.xcassets */ = {isa = PBXFileReference; lastKnownFileType = folder.assetcatalog; path = Assets.xcassets; sourceTree = "<group>"; };
		FDEDBDBB255E7EB100FF81EB /* Base */ = {isa = PBXFileReference; lastKnownFileType = file.storyboard; name = Base; path = Base.lproj/LaunchScreen.storyboard; sourceTree = "<group>"; };
		FDEDBDBD255E7EB100FF81EB /* Info.plist */ = {isa = PBXFileReference; lastKnownFileType = text.plist.xml; path = Info.plist; sourceTree = "<group>"; };
		FDEDBDC4255E7F9700FF81EB /* userCollectionCell.swift */ = {isa = PBXFileReference; fileEncoding = 4; lastKnownFileType = sourcecode.swift; path = userCollectionCell.swift; sourceTree = "<group>"; };
		FDEDBDC5255E7F9700FF81EB /* userData.swift */ = {isa = PBXFileReference; fileEncoding = 4; lastKnownFileType = sourcecode.swift; path = userData.swift; sourceTree = "<group>"; };
		FDEDBDCC255E866100FF81EB /* HomeViewController.swift */ = {isa = PBXFileReference; lastKnownFileType = sourcecode.swift; path = HomeViewController.swift; sourceTree = "<group>"; };
		FDEDBDD1255F6BB500FF81EB /* LoginViewController.swift */ = {isa = PBXFileReference; lastKnownFileType = sourcecode.swift; path = LoginViewController.swift; sourceTree = "<group>"; };
		FDEDBDDA255F6DCF00FF81EB /* userLoginData.swift */ = {isa = PBXFileReference; lastKnownFileType = sourcecode.swift; path = userLoginData.swift; sourceTree = "<group>"; };
/* End PBXFileReference section */

/* Begin PBXFrameworksBuildPhase section */
		FDEDBDA9255E7EB000FF81EB /* Frameworks */ = {
			isa = PBXFrameworksBuildPhase;
			buildActionMask = 2147483647;
			files = (
			);
			runOnlyForDeploymentPostprocessing = 0;
		};
/* End PBXFrameworksBuildPhase section */

/* Begin PBXGroup section */
		FDEDBDA3255E7EB000FF81EB = {
			isa = PBXGroup;
			children = (
				FDEDBDAE255E7EB000FF81EB /* fourthWeek_Assignment */,
				FDEDBDAD255E7EB000FF81EB /* Products */,
			);
			sourceTree = "<group>";
		};
		FDEDBDAD255E7EB000FF81EB /* Products */ = {
			isa = PBXGroup;
			children = (
				FDEDBDAC255E7EB000FF81EB /* fourthWeek_Assignment.app */,
			);
			name = Products;
			sourceTree = "<group>";
		};
		FDEDBDAE255E7EB000FF81EB /* fourthWeek_Assignment */ = {
			isa = PBXGroup;
			children = (
				FDEDBDD8255F6BE300FF81EB /* Cell */,
				FDEDBDD7255F6BDB00FF81EB /* DataModel */,
				FDEDBDD4255F6BBB00FF81EB /* VC */,
				FDEDBDCF255E867C00FF81EB /* storyboard */,
				FDEDBDAF255E7EB000FF81EB /* AppDelegate.swift */,
				FDEDBDB1255E7EB000FF81EB /* SceneDelegate.swift */,
				FDEDBDB8255E7EB100FF81EB /* Assets.xcassets */,
				FDEDBDBD255E7EB100FF81EB /* Info.plist */,
			);
			path = fourthWeek_Assignment;
			sourceTree = "<group>";
		};
		FDEDBDCF255E867C00FF81EB /* storyboard */ = {
			isa = PBXGroup;
			children = (
				FDEDBDBA255E7EB100FF81EB /* LaunchScreen.storyboard */,
				FDEDBDB5255E7EB000FF81EB /* Main.storyboard */,
			);
			path = storyboard;
			sourceTree = "<group>";
		};
		FDEDBDD4255F6BBB00FF81EB /* VC */ = {
			isa = PBXGroup;
			children = (
				FDEDBDD6255F6BC300FF81EB /* people */,
				FDEDBDD5255F6BBF00FF81EB /* home */,
			);
			path = VC;
			sourceTree = "<group>";
		};
		FDEDBDD5255F6BBF00FF81EB /* home */ = {
			isa = PBXGroup;
			children = (
				FDEDBDCC255E866100FF81EB /* HomeViewController.swift */,
				FDEDBDD1255F6BB500FF81EB /* LoginViewController.swift */,
			);
			path = home;
			sourceTree = "<group>";
		};
		FDEDBDD6255F6BC300FF81EB /* people */ = {
			isa = PBXGroup;
			children = (
				FDEDBDB3255E7EB000FF81EB /* ViewController.swift */,
			);
			path = people;
			sourceTree = "<group>";
		};
		FDEDBDD7255F6BDB00FF81EB /* DataModel */ = {
			isa = PBXGroup;
			children = (
				FDEDBDC5255E7F9700FF81EB /* userData.swift */,
				FDEDBDDA255F6DCF00FF81EB /* userLoginData.swift */,
			);
			path = DataModel;
			sourceTree = "<group>";
		};
		FDEDBDD8255F6BE300FF81EB /* Cell */ = {
			isa = PBXGroup;
			children = (
				FDEDBDC4255E7F9700FF81EB /* userCollectionCell.swift */,
			);
			path = Cell;
			sourceTree = "<group>";
		};
/* End PBXGroup section */

/* Begin PBXNativeTarget section */
		FDEDBDAB255E7EB000FF81EB /* fourthWeek_Assignment */ = {
			isa = PBXNativeTarget;
			buildConfigurationList = FDEDBDC0255E7EB100FF81EB /* Build configuration list for PBXNativeTarget "fourthWeek_Assignment" */;
			buildPhases = (
				FDEDBDA8255E7EB000FF81EB /* Sources */,
				FDEDBDA9255E7EB000FF81EB /* Frameworks */,
				FDEDBDAA255E7EB000FF81EB /* Resources */,
			);
			buildRules = (
			);
			dependencies = (
			);
			name = fourthWeek_Assignment;
			productName = fourthWeek_Assignment;
			productReference = FDEDBDAC255E7EB000FF81EB /* fourthWeek_Assignment.app */;
			productType = "com.apple.product-type.application";
		};
/* End PBXNativeTarget section */

/* Begin PBXProject section */
		FDEDBDA4255E7EB000FF81EB /* Project object */ = {
			isa = PBXProject;
			attributes = {
				LastSwiftUpdateCheck = 1220;
				LastUpgradeCheck = 1220;
				TargetAttributes = {
					FDEDBDAB255E7EB000FF81EB = {
						CreatedOnToolsVersion = 12.2;
					};
				};
			};
			buildConfigurationList = FDEDBDA7255E7EB000FF81EB /* Build configuration list for PBXProject "fourthWeek_Assignment" */;
			compatibilityVersion = "Xcode 9.3";
			developmentRegion = en;
			hasScannedForEncodings = 0;
			knownRegions = (
				en,
				Base,
			);
			mainGroup = FDEDBDA3255E7EB000FF81EB;
			productRefGroup = FDEDBDAD255E7EB000FF81EB /* Products */;
			projectDirPath = "";
			projectRoot = "";
			targets = (
				FDEDBDAB255E7EB000FF81EB /* fourthWeek_Assignment */,
			);
		};
/* End PBXProject section */

/* Begin PBXResourcesBuildPhase section */
		FDEDBDAA255E7EB000FF81EB /* Resources */ = {
			isa = PBXResourcesBuildPhase;
			buildActionMask = 2147483647;
			files = (
				FDEDBDBC255E7EB100FF81EB /* LaunchScreen.storyboard in Resources */,
				FDEDBDB9255E7EB100FF81EB /* Assets.xcassets in Resources */,
				FDEDBDB7255E7EB000FF81EB /* Main.storyboard in Resources */,
			);
			runOnlyForDeploymentPostprocessing = 0;
		};
/* End PBXResourcesBuildPhase section */

/* Begin PBXSourcesBuildPhase section */
		FDEDBDA8255E7EB000FF81EB /* Sources */ = {
			isa = PBXSourcesBuildPhase;
			buildActionMask = 2147483647;
			files = (
				FDEDBDDB255F6DCF00FF81EB /* userLoginData.swift in Sources */,
				FDEDBDD2255F6BB500FF81EB /* LoginViewController.swift in Sources */,
				FDEDBDB4255E7EB000FF81EB /* ViewController.swift in Sources */,
				FDEDBDB0255E7EB000FF81EB /* AppDelegate.swift in Sources */,
				FDEDBDC6255E7F9700FF81EB /* userCollectionCell.swift in Sources */,
				FDEDBDC7255E7F9700FF81EB /* userData.swift in Sources */,
				FDEDBDB2255E7EB000FF81EB /* SceneDelegate.swift in Sources */,
				FDEDBDCD255E866100FF81EB /* HomeViewController.swift in Sources */,
			);
			runOnlyForDeploymentPostprocessing = 0;
		};
/* End PBXSourcesBuildPhase section */

/* Begin PBXVariantGroup section */
		FDEDBDB5255E7EB000FF81EB /* Main.storyboard */ = {
			isa = PBXVariantGroup;
			children = (
				FDEDBDB6255E7EB000FF81EB /* Base */,
			);
			name = Main.storyboard;
			sourceTree = "<group>";
		};
		FDEDBDBA255E7EB100FF81EB /* LaunchScreen.storyboard */ = {
			isa = PBXVariantGroup;
			children = (
				FDEDBDBB255E7EB100FF81EB /* Base */,
			);
			name = LaunchScreen.storyboard;
			sourceTree = "<group>";
		};
/* End PBXVariantGroup section */

/* Begin XCBuildConfiguration section */
		FDEDBDBE255E7EB100FF81EB /* Debug */ = {
			isa = XCBuildConfiguration;
			buildSettings = {
				ALWAYS_SEARCH_USER_PATHS = NO;
				CLANG_ANALYZER_NONNULL = YES;
				CLANG_ANALYZER_NUMBER_OBJECT_CONVERSION = YES_AGGRESSIVE;
				CLANG_CXX_LANGUAGE_STANDARD = "gnu++14";
				CLANG_CXX_LIBRARY = "libc++";
				CLANG_ENABLE_MODULES = YES;
				CLANG_ENABLE_OBJC_ARC = YES;
				CLANG_ENABLE_OBJC_WEAK = YES;
				CLANG_WARN_BLOCK_CAPTURE_AUTORELEASING = YES;
				CLANG_WARN_BOOL_CONVERSION = YES;
				CLANG_WARN_COMMA = YES;
				CLANG_WARN_CONSTANT_CONVERSION = YES;
				CLANG_WARN_DEPRECATED_OBJC_IMPLEMENTATIONS = YES;
				CLANG_WARN_DIRECT_OBJC_ISA_USAGE = YES_ERROR;
				CLANG_WARN_DOCUMENTATION_COMMENTS = YES;
				CLANG_WARN_EMPTY_BODY = YES;
				CLANG_WARN_ENUM_CONVERSION = YES;
				CLANG_WARN_INFINITE_RECURSION = YES;
				CLANG_WARN_INT_CONVERSION = YES;
				CLANG_WARN_NON_LITERAL_NULL_CONVERSION = YES;
				CLANG_WARN_OBJC_IMPLICIT_RETAIN_SELF = YES;
				CLANG_WARN_OBJC_LITERAL_CONVERSION = YES;
				CLANG_WARN_OBJC_ROOT_CLASS = YES_ERROR;
				CLANG_WARN_QUOTED_INCLUDE_IN_FRAMEWORK_HEADER = YES;
				CLANG_WARN_RANGE_LOOP_ANALYSIS = YES;
				CLANG_WARN_STRICT_PROTOTYPES = YES;
				CLANG_WARN_SUSPICIOUS_MOVE = YES;
				CLANG_WARN_UNGUARDED_AVAILABILITY = YES_AGGRESSIVE;
				CLANG_WARN_UNREACHABLE_CODE = YES;
				CLANG_WARN__DUPLICATE_METHOD_MATCH = YES;
				COPY_PHASE_STRIP = NO;
				DEBUG_INFORMATION_FORMAT = dwarf;
				ENABLE_STRICT_OBJC_MSGSEND = YES;
				ENABLE_TESTABILITY = YES;
				GCC_C_LANGUAGE_STANDARD = gnu11;
				GCC_DYNAMIC_NO_PIC = NO;
				GCC_NO_COMMON_BLOCKS = YES;
				GCC_OPTIMIZATION_LEVEL = 0;
				GCC_PREPROCESSOR_DEFINITIONS = (
					"DEBUG=1",
					"$(inherited)",
				);
				GCC_WARN_64_TO_32_BIT_CONVERSION = YES;
				GCC_WARN_ABOUT_RETURN_TYPE = YES_ERROR;
				GCC_WARN_UNDECLARED_SELECTOR = YES;
				GCC_WARN_UNINITIALIZED_AUTOS = YES_AGGRESSIVE;
				GCC_WARN_UNUSED_FUNCTION = YES;
				GCC_WARN_UNUSED_VARIABLE = YES;
				IPHONEOS_DEPLOYMENT_TARGET = 13.2;
				MTL_ENABLE_DEBUG_INFO = INCLUDE_SOURCE;
				MTL_FAST_MATH = YES;
				ONLY_ACTIVE_ARCH = YES;
				SDKROOT = iphoneos;
				SWIFT_ACTIVE_COMPILATION_CONDITIONS = DEBUG;
				SWIFT_OPTIMIZATION_LEVEL = "-Onone";
			};
			name = Debug;
		};
		FDEDBDBF255E7EB100FF81EB /* Release */ = {
			isa = XCBuildConfiguration;
			buildSettings = {
				ALWAYS_SEARCH_USER_PATHS = NO;
				CLANG_ANALYZER_NONNULL = YES;
				CLANG_ANALYZER_NUMBER_OBJECT_CONVERSION = YES_AGGRESSIVE;
				CLANG_CXX_LANGUAGE_STANDARD = "gnu++14";
				CLANG_CXX_LIBRARY = "libc++";
				CLANG_ENABLE_MODULES = YES;
				CLANG_ENABLE_OBJC_ARC = YES;
				CLANG_ENABLE_OBJC_WEAK = YES;
				CLANG_WARN_BLOCK_CAPTURE_AUTORELEASING = YES;
				CLANG_WARN_BOOL_CONVERSION = YES;
				CLANG_WARN_COMMA = YES;
				CLANG_WARN_CONSTANT_CONVERSION = YES;
				CLANG_WARN_DEPRECATED_OBJC_IMPLEMENTATIONS = YES;
				CLANG_WARN_DIRECT_OBJC_ISA_USAGE = YES_ERROR;
				CLANG_WARN_DOCUMENTATION_COMMENTS = YES;
				CLANG_WARN_EMPTY_BODY = YES;
				CLANG_WARN_ENUM_CONVERSION = YES;
				CLANG_WARN_INFINITE_RECURSION = YES;
				CLANG_WARN_INT_CONVERSION = YES;
				CLANG_WARN_NON_LITERAL_NULL_CONVERSION = YES;
				CLANG_WARN_OBJC_IMPLICIT_RETAIN_SELF = YES;
				CLANG_WARN_OBJC_LITERAL_CONVERSION = YES;
				CLANG_WARN_OBJC_ROOT_CLASS = YES_ERROR;
				CLANG_WARN_QUOTED_INCLUDE_IN_FRAMEWORK_HEADER = YES;
				CLANG_WARN_RANGE_LOOP_ANALYSIS = YES;
				CLANG_WARN_STRICT_PROTOTYPES = YES;
				CLANG_WARN_SUSPICIOUS_MOVE = YES;
				CLANG_WARN_UNGUARDED_AVAILABILITY = YES_AGGRESSIVE;
				CLANG_WARN_UNREACHABLE_CODE = YES;
				CLANG_WARN__DUPLICATE_METHOD_MATCH = YES;
				COPY_PHASE_STRIP = NO;
				DEBUG_INFORMATION_FORMAT = "dwarf-with-dsym";
				ENABLE_NS_ASSERTIONS = NO;
				ENABLE_STRICT_OBJC_MSGSEND = YES;
				GCC_C_LANGUAGE_STANDARD = gnu11;
				GCC_NO_COMMON_BLOCKS = YES;
				GCC_WARN_64_TO_32_BIT_CONVERSION = YES;
				GCC_WARN_ABOUT_RETURN_TYPE = YES_ERROR;
				GCC_WARN_UNDECLARED_SELECTOR = YES;
				GCC_WARN_UNINITIALIZED_AUTOS = YES_AGGRESSIVE;
				GCC_WARN_UNUSED_FUNCTION = YES;
				GCC_WARN_UNUSED_VARIABLE = YES;
				IPHONEOS_DEPLOYMENT_TARGET = 13.2;
				MTL_ENABLE_DEBUG_INFO = NO;
				MTL_FAST_MATH = YES;
				SDKROOT = iphoneos;
				SWIFT_COMPILATION_MODE = wholemodule;
				SWIFT_OPTIMIZATION_LEVEL = "-O";
				VALIDATE_PRODUCT = YES;
			};
			name = Release;
		};
		FDEDBDC1255E7EB100FF81EB /* Debug */ = {
			isa = XCBuildConfiguration;
			buildSettings = {
				ASSETCATALOG_COMPILER_APPICON_NAME = AppIcon;
				ASSETCATALOG_COMPILER_GLOBAL_ACCENT_COLOR_NAME = AccentColor;
				CODE_SIGN_STYLE = Automatic;
				DEVELOPMENT_TEAM = L9D5M5DM3Y;
				INFOPLIST_FILE = fourthWeek_Assignment/Info.plist;
				LD_RUNPATH_SEARCH_PATHS = (
					"$(inherited)",
					"@executable_path/Frameworks",
				);
				PRODUCT_BUNDLE_IDENTIFIER = "jihun.fourthWeek-Assignment";
				PRODUCT_NAME = "$(TARGET_NAME)";
				SWIFT_VERSION = 5.0;
				TARGETED_DEVICE_FAMILY = "1,2";
			};
			name = Debug;
		};
		FDEDBDC2255E7EB100FF81EB /* Release */ = {
			isa = XCBuildConfiguration;
			buildSettings = {
				ASSETCATALOG_COMPILER_APPICON_NAME = AppIcon;
				ASSETCATALOG_COMPILER_GLOBAL_ACCENT_COLOR_NAME = AccentColor;
				CODE_SIGN_STYLE = Automatic;
				DEVELOPMENT_TEAM = L9D5M5DM3Y;
				INFOPLIST_FILE = fourthWeek_Assignment/Info.plist;
				LD_RUNPATH_SEARCH_PATHS = (
					"$(inherited)",
					"@executable_path/Frameworks",
				);
				PRODUCT_BUNDLE_IDENTIFIER = "jihun.fourthWeek-Assignment";
				PRODUCT_NAME = "$(TARGET_NAME)";
				SWIFT_VERSION = 5.0;
				TARGETED_DEVICE_FAMILY = "1,2";
			};
			name = Release;
		};
/* End XCBuildConfiguration section */

/* Begin XCConfigurationList section */
		FDEDBDA7255E7EB000FF81EB /* Build configuration list for PBXProject "fourthWeek_Assignment" */ = {
			isa = XCConfigurationList;
			buildConfigurations = (
				FDEDBDBE255E7EB100FF81EB /* Debug */,
				FDEDBDBF255E7EB100FF81EB /* Release */,
			);
			defaultConfigurationIsVisible = 0;
			defaultConfigurationName = Release;
		};
		FDEDBDC0255E7EB100FF81EB /* Build configuration list for PBXNativeTarget "fourthWeek_Assignment" */ = {
			isa = XCConfigurationList;
			buildConfigurations = (
				FDEDBDC1255E7EB100FF81EB /* Debug */,
				FDEDBDC2255E7EB100FF81EB /* Release */,
			);
			defaultConfigurationIsVisible = 0;
			defaultConfigurationName = Release;
		};
/* End XCConfigurationList section */
	};
	rootObject = FDEDBDA4255E7EB000FF81EB /* Project object */;
}
