// !$*UTF8*$!
{
	archiveVersion = 1;
	classes = {
	};
	objectVersion = 51;
	objects = {

/* Begin PBXBuildFile section */
		2CB727693F49B69375B87EA8 /* Pods_sixthWeek_Assignment.framework in Frameworks */ = {isa = PBXBuildFile; fileRef = DEE02F308CB7E0C9D032EDE8 /* Pods_sixthWeek_Assignment.framework */; };
		FD869E702571061B00201BC5 /* AppDelegate.swift in Sources */ = {isa = PBXBuildFile; fileRef = FD869E6F2571061B00201BC5 /* AppDelegate.swift */; };
		FD869E722571061B00201BC5 /* SceneDelegate.swift in Sources */ = {isa = PBXBuildFile; fileRef = FD869E712571061B00201BC5 /* SceneDelegate.swift */; };
		FD869E742571061B00201BC5 /* ViewController.swift in Sources */ = {isa = PBXBuildFile; fileRef = FD869E732571061B00201BC5 /* ViewController.swift */; };
		FD869E772571061B00201BC5 /* Main.storyboard in Resources */ = {isa = PBXBuildFile; fileRef = FD869E752571061B00201BC5 /* Main.storyboard */; };
		FD869E792571061C00201BC5 /* Assets.xcassets in Resources */ = {isa = PBXBuildFile; fileRef = FD869E782571061C00201BC5 /* Assets.xcassets */; };
		FD869E7C2571061C00201BC5 /* LaunchScreen.storyboard in Resources */ = {isa = PBXBuildFile; fileRef = FD869E7A2571061C00201BC5 /* LaunchScreen.storyboard */; };
		FD869E882571069C00201BC5 /* makeAlert + UIView.swift in Sources */ = {isa = PBXBuildFile; fileRef = FD869E872571069C00201BC5 /* makeAlert + UIView.swift */; };
		FD869E8E257106D700201BC5 /* SignupService.swift in Sources */ = {isa = PBXBuildFile; fileRef = FD869E8D257106D700201BC5 /* SignupService.swift */; };
		FD869E92257106E000201BC5 /* SigninService.swift in Sources */ = {isa = PBXBuildFile; fileRef = FD869E91257106E000201BC5 /* SigninService.swift */; };
		FD869E992571098200201BC5 /* APIConstants.swift in Sources */ = {isa = PBXBuildFile; fileRef = FD869E982571098200201BC5 /* APIConstants.swift */; };
		FD869E9C25710B1000201BC5 /* NetworkResult.swift in Sources */ = {isa = PBXBuildFile; fileRef = FD869E9B25710B1000201BC5 /* NetworkResult.swift */; };
		FD869E9F25710BDF00201BC5 /* statusMessage.swift in Sources */ = {isa = PBXBuildFile; fileRef = FD869E9E25710BDF00201BC5 /* statusMessage.swift */; };
		FD869EA425710C1600201BC5 /* SignupViewController.swift in Sources */ = {isa = PBXBuildFile; fileRef = FD869EA325710C1600201BC5 /* SignupViewController.swift */; };
		FD869EA725710C1F00201BC5 /* SigninViewController.swift in Sources */ = {isa = PBXBuildFile; fileRef = FD869EA625710C1F00201BC5 /* SigninViewController.swift */; };
/* End PBXBuildFile section */

/* Begin PBXFileReference section */
		1DC8051659D93DBCF2FE82B2 /* Pods-sixthWeek_Assignment.debug.xcconfig */ = {isa = PBXFileReference; includeInIndex = 1; lastKnownFileType = text.xcconfig; name = "Pods-sixthWeek_Assignment.debug.xcconfig"; path = "Target Support Files/Pods-sixthWeek_Assignment/Pods-sixthWeek_Assignment.debug.xcconfig"; sourceTree = "<group>"; };
		836F34CB4B1BAEA0D3C45CDE /* Pods-sixthWeek_Assignment.release.xcconfig */ = {isa = PBXFileReference; includeInIndex = 1; lastKnownFileType = text.xcconfig; name = "Pods-sixthWeek_Assignment.release.xcconfig"; path = "Target Support Files/Pods-sixthWeek_Assignment/Pods-sixthWeek_Assignment.release.xcconfig"; sourceTree = "<group>"; };
		DEE02F308CB7E0C9D032EDE8 /* Pods_sixthWeek_Assignment.framework */ = {isa = PBXFileReference; explicitFileType = wrapper.framework; includeInIndex = 0; path = Pods_sixthWeek_Assignment.framework; sourceTree = BUILT_PRODUCTS_DIR; };
		FD869E6C2571061B00201BC5 /* sixthWeek_Assignment.app */ = {isa = PBXFileReference; explicitFileType = wrapper.application; includeInIndex = 0; path = sixthWeek_Assignment.app; sourceTree = BUILT_PRODUCTS_DIR; };
		FD869E6F2571061B00201BC5 /* AppDelegate.swift */ = {isa = PBXFileReference; lastKnownFileType = sourcecode.swift; path = AppDelegate.swift; sourceTree = "<group>"; };
		FD869E712571061B00201BC5 /* SceneDelegate.swift */ = {isa = PBXFileReference; lastKnownFileType = sourcecode.swift; path = SceneDelegate.swift; sourceTree = "<group>"; };
		FD869E732571061B00201BC5 /* ViewController.swift */ = {isa = PBXFileReference; lastKnownFileType = sourcecode.swift; path = ViewController.swift; sourceTree = "<group>"; };
		FD869E762571061B00201BC5 /* Base */ = {isa = PBXFileReference; lastKnownFileType = file.storyboard; name = Base; path = Base.lproj/Main.storyboard; sourceTree = "<group>"; };
		FD869E782571061C00201BC5 /* Assets.xcassets */ = {isa = PBXFileReference; lastKnownFileType = folder.assetcatalog; path = Assets.xcassets; sourceTree = "<group>"; };
		FD869E7B2571061C00201BC5 /* Base */ = {isa = PBXFileReference; lastKnownFileType = file.storyboard; name = Base; path = Base.lproj/LaunchScreen.storyboard; sourceTree = "<group>"; };
		FD869E7D2571061C00201BC5 /* Info.plist */ = {isa = PBXFileReference; lastKnownFileType = text.plist.xml; path = Info.plist; sourceTree = "<group>"; };
		FD869E872571069C00201BC5 /* makeAlert + UIView.swift */ = {isa = PBXFileReference; lastKnownFileType = sourcecode.swift; path = "makeAlert + UIView.swift"; sourceTree = "<group>"; };
		FD869E8D257106D700201BC5 /* SignupService.swift */ = {isa = PBXFileReference; lastKnownFileType = sourcecode.swift; path = SignupService.swift; sourceTree = "<group>"; };
		FD869E91257106E000201BC5 /* SigninService.swift */ = {isa = PBXFileReference; lastKnownFileType = sourcecode.swift; path = SigninService.swift; sourceTree = "<group>"; };
		FD869E982571098200201BC5 /* APIConstants.swift */ = {isa = PBXFileReference; lastKnownFileType = sourcecode.swift; path = APIConstants.swift; sourceTree = "<group>"; };
		FD869E9B25710B1000201BC5 /* NetworkResult.swift */ = {isa = PBXFileReference; lastKnownFileType = sourcecode.swift; path = NetworkResult.swift; sourceTree = "<group>"; };
		FD869E9E25710BDF00201BC5 /* statusMessage.swift */ = {isa = PBXFileReference; lastKnownFileType = sourcecode.swift; path = statusMessage.swift; sourceTree = "<group>"; };
		FD869EA325710C1600201BC5 /* SignupViewController.swift */ = {isa = PBXFileReference; lastKnownFileType = sourcecode.swift; path = SignupViewController.swift; sourceTree = "<group>"; };
		FD869EA625710C1F00201BC5 /* SigninViewController.swift */ = {isa = PBXFileReference; lastKnownFileType = sourcecode.swift; path = SigninViewController.swift; sourceTree = "<group>"; };
/* End PBXFileReference section */

/* Begin PBXFrameworksBuildPhase section */
		FD869E692571061B00201BC5 /* Frameworks */ = {
			isa = PBXFrameworksBuildPhase;
			buildActionMask = 2147483647;
			files = (
				2CB727693F49B69375B87EA8 /* Pods_sixthWeek_Assignment.framework in Frameworks */,
			);
			runOnlyForDeploymentPostprocessing = 0;
		};
/* End PBXFrameworksBuildPhase section */

/* Begin PBXGroup section */
		9302FAA6F42D27B7CE1A7B6C /* Pods */ = {
			isa = PBXGroup;
			children = (
				1DC8051659D93DBCF2FE82B2 /* Pods-sixthWeek_Assignment.debug.xcconfig */,
				836F34CB4B1BAEA0D3C45CDE /* Pods-sixthWeek_Assignment.release.xcconfig */,
			);
			path = Pods;
			sourceTree = "<group>";
		};
		E2F892CB8D9D92FB7AB0F49C /* Frameworks */ = {
			isa = PBXGroup;
			children = (
				DEE02F308CB7E0C9D032EDE8 /* Pods_sixthWeek_Assignment.framework */,
			);
			name = Frameworks;
			sourceTree = "<group>";
		};
		FD869E632571061B00201BC5 = {
			isa = PBXGroup;
			children = (
				FD869E6E2571061B00201BC5 /* sixthWeek_Assignment */,
				FD869E6D2571061B00201BC5 /* Products */,
				9302FAA6F42D27B7CE1A7B6C /* Pods */,
				E2F892CB8D9D92FB7AB0F49C /* Frameworks */,
			);
			sourceTree = "<group>";
		};
		FD869E6D2571061B00201BC5 /* Products */ = {
			isa = PBXGroup;
			children = (
				FD869E6C2571061B00201BC5 /* sixthWeek_Assignment.app */,
			);
			name = Products;
			sourceTree = "<group>";
		};
		FD869E6E2571061B00201BC5 /* sixthWeek_Assignment */ = {
			isa = PBXGroup;
			children = (
				FD869E862571063C00201BC5 /* Extension */,
				FD869E852571063500201BC5 /* Resource */,
				FD869E842571062B00201BC5 /* Source */,
				FD869E7D2571061C00201BC5 /* Info.plist */,
			);
			path = sixthWeek_Assignment;
			sourceTree = "<group>";
		};
		FD869E842571062B00201BC5 /* Source */ = {
			isa = PBXGroup;
			children = (
				FD869E712571061B00201BC5 /* SceneDelegate.swift */,
				FD869E6F2571061B00201BC5 /* AppDelegate.swift */,
				FD869E8A257106AF00201BC5 /* ViewController */,
			);
			path = Source;
			sourceTree = "<group>";
		};
		FD869E852571063500201BC5 /* Resource */ = {
			isa = PBXGroup;
			children = (
				FD869E8C257106CC00201BC5 /* Network */,
				FD869E782571061C00201BC5 /* Assets.xcassets */,
				FD869E8B257106B400201BC5 /* Storyboard */,
			);
			path = Resource;
			sourceTree = "<group>";
		};
		FD869E862571063C00201BC5 /* Extension */ = {
			isa = PBXGroup;
			children = (
				FD869E872571069C00201BC5 /* makeAlert + UIView.swift */,
			);
			path = Extension;
			sourceTree = "<group>";
		};
		FD869E8A257106AF00201BC5 /* ViewController */ = {
			isa = PBXGroup;
			children = (
				FD869E732571061B00201BC5 /* ViewController.swift */,
				FD869EA325710C1600201BC5 /* SignupViewController.swift */,
				FD869EA625710C1F00201BC5 /* SigninViewController.swift */,
			);
			path = ViewController;
			sourceTree = "<group>";
		};
		FD869E8B257106B400201BC5 /* Storyboard */ = {
			isa = PBXGroup;
			children = (
				FD869E7A2571061C00201BC5 /* LaunchScreen.storyboard */,
				FD869E752571061B00201BC5 /* Main.storyboard */,
			);
			path = Storyboard;
			sourceTree = "<group>";
		};
		FD869E8C257106CC00201BC5 /* Network */ = {
			isa = PBXGroup;
			children = (
				FD869EA125710BFD00201BC5 /* Service */,
				FD869E982571098200201BC5 /* APIConstants.swift */,
				FD869E9B25710B1000201BC5 /* NetworkResult.swift */,
				FD869E9E25710BDF00201BC5 /* statusMessage.swift */,
			);
			path = Network;
			sourceTree = "<group>";
		};
		FD869EA125710BFD00201BC5 /* Service */ = {
			isa = PBXGroup;
			children = (
				FD869E8D257106D700201BC5 /* SignupService.swift */,
				FD869E91257106E000201BC5 /* SigninService.swift */,
			);
			path = Service;
			sourceTree = "<group>";
		};
/* End PBXGroup section */

/* Begin PBXNativeTarget section */
		FD869E6B2571061B00201BC5 /* sixthWeek_Assignment */ = {
			isa = PBXNativeTarget;
			buildConfigurationList = FD869E802571061C00201BC5 /* Build configuration list for PBXNativeTarget "sixthWeek_Assignment" */;
			buildPhases = (
				8587B3B8CEEA1EE36F01E815 /* [CP] Check Pods Manifest.lock */,
				FD869E682571061B00201BC5 /* Sources */,
				FD869E692571061B00201BC5 /* Frameworks */,
				FD869E6A2571061B00201BC5 /* Resources */,
				B6AA80E1D239EDC425C51364 /* [CP] Embed Pods Frameworks */,
			);
			buildRules = (
			);
			dependencies = (
			);
			name = sixthWeek_Assignment;
			productName = sixthWeek_Assignment;
			productReference = FD869E6C2571061B00201BC5 /* sixthWeek_Assignment.app */;
			productType = "com.apple.product-type.application";
		};
/* End PBXNativeTarget section */

/* Begin PBXProject section */
		FD869E642571061B00201BC5 /* Project object */ = {
			isa = PBXProject;
			attributes = {
				LastSwiftUpdateCheck = 1220;
				LastUpgradeCheck = 1220;
				TargetAttributes = {
					FD869E6B2571061B00201BC5 = {
						CreatedOnToolsVersion = 12.2;
					};
				};
			};
			buildConfigurationList = FD869E672571061B00201BC5 /* Build configuration list for PBXProject "sixthWeek_Assignment" */;
			compatibilityVersion = "Xcode 9.3";
			developmentRegion = en;
			hasScannedForEncodings = 0;
			knownRegions = (
				en,
				Base,
			);
			mainGroup = FD869E632571061B00201BC5;
			productRefGroup = FD869E6D2571061B00201BC5 /* Products */;
			projectDirPath = "";
			projectRoot = "";
			targets = (
				FD869E6B2571061B00201BC5 /* sixthWeek_Assignment */,
			);
		};
/* End PBXProject section */

/* Begin PBXResourcesBuildPhase section */
		FD869E6A2571061B00201BC5 /* Resources */ = {
			isa = PBXResourcesBuildPhase;
			buildActionMask = 2147483647;
			files = (
				FD869E7C2571061C00201BC5 /* LaunchScreen.storyboard in Resources */,
				FD869E792571061C00201BC5 /* Assets.xcassets in Resources */,
				FD869E772571061B00201BC5 /* Main.storyboard in Resources */,
			);
			runOnlyForDeploymentPostprocessing = 0;
		};
/* End PBXResourcesBuildPhase section */

/* Begin PBXShellScriptBuildPhase section */
		8587B3B8CEEA1EE36F01E815 /* [CP] Check Pods Manifest.lock */ = {
			isa = PBXShellScriptBuildPhase;
			buildActionMask = 2147483647;
			files = (
			);
			inputFileListPaths = (
			);
			inputPaths = (
				"${PODS_PODFILE_DIR_PATH}/Podfile.lock",
				"${PODS_ROOT}/Manifest.lock",
			);
			name = "[CP] Check Pods Manifest.lock";
			outputFileListPaths = (
			);
			outputPaths = (
				"$(DERIVED_FILE_DIR)/Pods-sixthWeek_Assignment-checkManifestLockResult.txt",
			);
			runOnlyForDeploymentPostprocessing = 0;
			shellPath = /bin/sh;
			shellScript = "diff \"${PODS_PODFILE_DIR_PATH}/Podfile.lock\" \"${PODS_ROOT}/Manifest.lock\" > /dev/null\nif [ $? != 0 ] ; then\n    # print error to STDERR\n    echo \"error: The sandbox is not in sync with the Podfile.lock. Run 'pod install' or update your CocoaPods installation.\" >&2\n    exit 1\nfi\n# This output is used by Xcode 'outputs' to avoid re-running this script phase.\necho \"SUCCESS\" > \"${SCRIPT_OUTPUT_FILE_0}\"\n";
			showEnvVarsInLog = 0;
		};
		B6AA80E1D239EDC425C51364 /* [CP] Embed Pods Frameworks */ = {
			isa = PBXShellScriptBuildPhase;
			buildActionMask = 2147483647;
			files = (
			);
			inputFileListPaths = (
				"${PODS_ROOT}/Target Support Files/Pods-sixthWeek_Assignment/Pods-sixthWeek_Assignment-frameworks-${CONFIGURATION}-input-files.xcfilelist",
			);
			name = "[CP] Embed Pods Frameworks";
			outputFileListPaths = (
				"${PODS_ROOT}/Target Support Files/Pods-sixthWeek_Assignment/Pods-sixthWeek_Assignment-frameworks-${CONFIGURATION}-output-files.xcfilelist",
			);
			runOnlyForDeploymentPostprocessing = 0;
			shellPath = /bin/sh;
			shellScript = "\"${PODS_ROOT}/Target Support Files/Pods-sixthWeek_Assignment/Pods-sixthWeek_Assignment-frameworks.sh\"\n";
			showEnvVarsInLog = 0;
		};
/* End PBXShellScriptBuildPhase section */

/* Begin PBXSourcesBuildPhase section */
		FD869E682571061B00201BC5 /* Sources */ = {
			isa = PBXSourcesBuildPhase;
			buildActionMask = 2147483647;
			files = (
				FD869E742571061B00201BC5 /* ViewController.swift in Sources */,
				FD869E992571098200201BC5 /* APIConstants.swift in Sources */,
				FD869EA725710C1F00201BC5 /* SigninViewController.swift in Sources */,
				FD869EA425710C1600201BC5 /* SignupViewController.swift in Sources */,
				FD869E882571069C00201BC5 /* makeAlert + UIView.swift in Sources */,
				FD869E702571061B00201BC5 /* AppDelegate.swift in Sources */,
				FD869E8E257106D700201BC5 /* SignupService.swift in Sources */,
				FD869E722571061B00201BC5 /* SceneDelegate.swift in Sources */,
				FD869E92257106E000201BC5 /* SigninService.swift in Sources */,
				FD869E9F25710BDF00201BC5 /* statusMessage.swift in Sources */,
				FD869E9C25710B1000201BC5 /* NetworkResult.swift in Sources */,
			);
			runOnlyForDeploymentPostprocessing = 0;
		};
/* End PBXSourcesBuildPhase section */

/* Begin PBXVariantGroup section */
		FD869E752571061B00201BC5 /* Main.storyboard */ = {
			isa = PBXVariantGroup;
			children = (
				FD869E762571061B00201BC5 /* Base */,
			);
			name = Main.storyboard;
			sourceTree = "<group>";
		};
		FD869E7A2571061C00201BC5 /* LaunchScreen.storyboard */ = {
			isa = PBXVariantGroup;
			children = (
				FD869E7B2571061C00201BC5 /* Base */,
			);
			name = LaunchScreen.storyboard;
			sourceTree = "<group>";
		};
/* End PBXVariantGroup section */

/* Begin XCBuildConfiguration section */
		FD869E7E2571061C00201BC5 /* Debug */ = {
			isa = XCBuildConfiguration;
			buildSettings = {
				ALWAYS_SEARCH_USER_PATHS = NO;
				CLANG_ANALYZER_NONNULL = YES;
				CLANG_ANALYZER_NUMBER_OBJECT_CONVERSION = YES_AGGRESSIVE;
				CLANG_CXX_LANGUAGE_STANDARD = "gnu++14";
				CLANG_CXX_LIBRARY = "libc++";
				CLANG_ENABLE_MODULES = YES;
				CLANG_ENABLE_OBJC_ARC = YES;
				CLANG_ENABLE_OBJC_WEAK = YES;
				CLANG_WARN_BLOCK_CAPTURE_AUTORELEASING = YES;
				CLANG_WARN_BOOL_CONVERSION = YES;
				CLANG_WARN_COMMA = YES;
				CLANG_WARN_CONSTANT_CONVERSION = YES;
				CLANG_WARN_DEPRECATED_OBJC_IMPLEMENTATIONS = YES;
				CLANG_WARN_DIRECT_OBJC_ISA_USAGE = YES_ERROR;
				CLANG_WARN_DOCUMENTATION_COMMENTS = YES;
				CLANG_WARN_EMPTY_BODY = YES;
				CLANG_WARN_ENUM_CONVERSION = YES;
				CLANG_WARN_INFINITE_RECURSION = YES;
				CLANG_WARN_INT_CONVERSION = YES;
				CLANG_WARN_NON_LITERAL_NULL_CONVERSION = YES;
				CLANG_WARN_OBJC_IMPLICIT_RETAIN_SELF = YES;
				CLANG_WARN_OBJC_LITERAL_CONVERSION = YES;
				CLANG_WARN_OBJC_ROOT_CLASS = YES_ERROR;
				CLANG_WARN_QUOTED_INCLUDE_IN_FRAMEWORK_HEADER = YES;
				CLANG_WARN_RANGE_LOOP_ANALYSIS = YES;
				CLANG_WARN_STRICT_PROTOTYPES = YES;
				CLANG_WARN_SUSPICIOUS_MOVE = YES;
				CLANG_WARN_UNGUARDED_AVAILABILITY = YES_AGGRESSIVE;
				CLANG_WARN_UNREACHABLE_CODE = YES;
				CLANG_WARN__DUPLICATE_METHOD_MATCH = YES;
				COPY_PHASE_STRIP = NO;
				DEBUG_INFORMATION_FORMAT = dwarf;
				ENABLE_STRICT_OBJC_MSGSEND = YES;
				ENABLE_TESTABILITY = YES;
				GCC_C_LANGUAGE_STANDARD = gnu11;
				GCC_DYNAMIC_NO_PIC = NO;
				GCC_NO_COMMON_BLOCKS = YES;
				GCC_OPTIMIZATION_LEVEL = 0;
				GCC_PREPROCESSOR_DEFINITIONS = (
					"DEBUG=1",
					"$(inherited)",
				);
				GCC_WARN_64_TO_32_BIT_CONVERSION = YES;
				GCC_WARN_ABOUT_RETURN_TYPE = YES_ERROR;
				GCC_WARN_UNDECLARED_SELECTOR = YES;
				GCC_WARN_UNINITIALIZED_AUTOS = YES_AGGRESSIVE;
				GCC_WARN_UNUSED_FUNCTION = YES;
				GCC_WARN_UNUSED_VARIABLE = YES;
				IPHONEOS_DEPLOYMENT_TARGET = 14.2;
				MTL_ENABLE_DEBUG_INFO = INCLUDE_SOURCE;
				MTL_FAST_MATH = YES;
				ONLY_ACTIVE_ARCH = YES;
				SDKROOT = iphoneos;
				SWIFT_ACTIVE_COMPILATION_CONDITIONS = DEBUG;
				SWIFT_OPTIMIZATION_LEVEL = "-Onone";
			};
			name = Debug;
		};
		FD869E7F2571061C00201BC5 /* Release */ = {
			isa = XCBuildConfiguration;
			buildSettings = {
				ALWAYS_SEARCH_USER_PATHS = NO;
				CLANG_ANALYZER_NONNULL = YES;
				CLANG_ANALYZER_NUMBER_OBJECT_CONVERSION = YES_AGGRESSIVE;
				CLANG_CXX_LANGUAGE_STANDARD = "gnu++14";
				CLANG_CXX_LIBRARY = "libc++";
				CLANG_ENABLE_MODULES = YES;
				CLANG_ENABLE_OBJC_ARC = YES;
				CLANG_ENABLE_OBJC_WEAK = YES;
				CLANG_WARN_BLOCK_CAPTURE_AUTORELEASING = YES;
				CLANG_WARN_BOOL_CONVERSION = YES;
				CLANG_WARN_COMMA = YES;
				CLANG_WARN_CONSTANT_CONVERSION = YES;
				CLANG_WARN_DEPRECATED_OBJC_IMPLEMENTATIONS = YES;
				CLANG_WARN_DIRECT_OBJC_ISA_USAGE = YES_ERROR;
				CLANG_WARN_DOCUMENTATION_COMMENTS = YES;
				CLANG_WARN_EMPTY_BODY = YES;
				CLANG_WARN_ENUM_CONVERSION = YES;
				CLANG_WARN_INFINITE_RECURSION = YES;
				CLANG_WARN_INT_CONVERSION = YES;
				CLANG_WARN_NON_LITERAL_NULL_CONVERSION = YES;
				CLANG_WARN_OBJC_IMPLICIT_RETAIN_SELF = YES;
				CLANG_WARN_OBJC_LITERAL_CONVERSION = YES;
				CLANG_WARN_OBJC_ROOT_CLASS = YES_ERROR;
				CLANG_WARN_QUOTED_INCLUDE_IN_FRAMEWORK_HEADER = YES;
				CLANG_WARN_RANGE_LOOP_ANALYSIS = YES;
				CLANG_WARN_STRICT_PROTOTYPES = YES;
				CLANG_WARN_SUSPICIOUS_MOVE = YES;
				CLANG_WARN_UNGUARDED_AVAILABILITY = YES_AGGRESSIVE;
				CLANG_WARN_UNREACHABLE_CODE = YES;
				CLANG_WARN__DUPLICATE_METHOD_MATCH = YES;
				COPY_PHASE_STRIP = NO;
				DEBUG_INFORMATION_FORMAT = "dwarf-with-dsym";
				ENABLE_NS_ASSERTIONS = NO;
				ENABLE_STRICT_OBJC_MSGSEND = YES;
				GCC_C_LANGUAGE_STANDARD = gnu11;
				GCC_NO_COMMON_BLOCKS = YES;
				GCC_WARN_64_TO_32_BIT_CONVERSION = YES;
				GCC_WARN_ABOUT_RETURN_TYPE = YES_ERROR;
				GCC_WARN_UNDECLARED_SELECTOR = YES;
				GCC_WARN_UNINITIALIZED_AUTOS = YES_AGGRESSIVE;
				GCC_WARN_UNUSED_FUNCTION = YES;
				GCC_WARN_UNUSED_VARIABLE = YES;
				IPHONEOS_DEPLOYMENT_TARGET = 14.2;
				MTL_ENABLE_DEBUG_INFO = NO;
				MTL_FAST_MATH = YES;
				SDKROOT = iphoneos;
				SWIFT_COMPILATION_MODE = wholemodule;
				SWIFT_OPTIMIZATION_LEVEL = "-O";
				VALIDATE_PRODUCT = YES;
			};
			name = Release;
		};
		FD869E812571061C00201BC5 /* Debug */ = {
			isa = XCBuildConfiguration;
			baseConfigurationReference = 1DC8051659D93DBCF2FE82B2 /* Pods-sixthWeek_Assignment.debug.xcconfig */;
			buildSettings = {
				ASSETCATALOG_COMPILER_APPICON_NAME = AppIcon;
				ASSETCATALOG_COMPILER_GLOBAL_ACCENT_COLOR_NAME = AccentColor;
				CODE_SIGN_STYLE = Automatic;
				DEVELOPMENT_TEAM = L9D5M5DM3Y;
				INFOPLIST_FILE = sixthWeek_Assignment/Info.plist;
				LD_RUNPATH_SEARCH_PATHS = (
					"$(inherited)",
					"@executable_path/Frameworks",
				);
				PRODUCT_BUNDLE_IDENTIFIER = "jihun.sixthWeek-Assignment";
				PRODUCT_NAME = "$(TARGET_NAME)";
				SWIFT_VERSION = 5.0;
				TARGETED_DEVICE_FAMILY = "1,2";
			};
			name = Debug;
		};
		FD869E822571061C00201BC5 /* Release */ = {
			isa = XCBuildConfiguration;
			baseConfigurationReference = 836F34CB4B1BAEA0D3C45CDE /* Pods-sixthWeek_Assignment.release.xcconfig */;
			buildSettings = {
				ASSETCATALOG_COMPILER_APPICON_NAME = AppIcon;
				ASSETCATALOG_COMPILER_GLOBAL_ACCENT_COLOR_NAME = AccentColor;
				CODE_SIGN_STYLE = Automatic;
				DEVELOPMENT_TEAM = L9D5M5DM3Y;
				INFOPLIST_FILE = sixthWeek_Assignment/Info.plist;
				LD_RUNPATH_SEARCH_PATHS = (
					"$(inherited)",
					"@executable_path/Frameworks",
				);
				PRODUCT_BUNDLE_IDENTIFIER = "jihun.sixthWeek-Assignment";
				PRODUCT_NAME = "$(TARGET_NAME)";
				SWIFT_VERSION = 5.0;
				TARGETED_DEVICE_FAMILY = "1,2";
			};
			name = Release;
		};
/* End XCBuildConfiguration section */

/* Begin XCConfigurationList section */
		FD869E672571061B00201BC5 /* Build configuration list for PBXProject "sixthWeek_Assignment" */ = {
			isa = XCConfigurationList;
			buildConfigurations = (
				FD869E7E2571061C00201BC5 /* Debug */,
				FD869E7F2571061C00201BC5 /* Release */,
			);
			defaultConfigurationIsVisible = 0;
			defaultConfigurationName = Release;
		};
		FD869E802571061C00201BC5 /* Build configuration list for PBXNativeTarget "sixthWeek_Assignment" */ = {
			isa = XCConfigurationList;
			buildConfigurations = (
				FD869E812571061C00201BC5 /* Debug */,
				FD869E822571061C00201BC5 /* Release */,
			);
			defaultConfigurationIsVisible = 0;
			defaultConfigurationName = Release;
		};
/* End XCConfigurationList section */
	};
	rootObject = FD869E642571061B00201BC5 /* Project object */;
}
